
Microsoft Visual Studio Solution File, Format Version 12.00
# Visual Studio Version 16
VisualStudioVersion = 16.0.29123.88
MinimumVisualStudioVersion = 10.0.40219.1
Project("{FAE04EC0-301F-11D3-BF4B-00C04F79EFBC}") = "01. Extract Person Information", "01. Extract Person Information\01. Extract Person Information.csproj", "{A050F830-EEC6-445A-B342-AA1AFCCE7B5C}"
EndProject
Project("{FAE04EC0-301F-11D3-BF4B-00C04F79EFBC}") = "02. Ascii Sumator", "02. Ascii Sumator\02. Ascii Sumator.csproj", "{EED27E15-35FE-4485-9399-F570068EAD61}"
EndProject
Project("{FAE04EC0-301F-11D3-BF4B-00C04F79EFBC}") = "03. Treasure Finder", "03. Treasure Finder\03. Treasure Finder.csproj", "{88D0B192-240E-4796-9ECA-7913A7DBD45F}"
EndProject
Project("{FAE04EC0-301F-11D3-BF4B-00C04F79EFBC}") = "04. Morse Code Translator", "04. Morse Code Translator\04. Morse Code Translator.csproj", "{68982BB2-AA58-49A5-A24D-5E0324A62FBC}"
EndProject
Project("{FAE04EC0-301F-11D3-BF4B-00C04F79EFBC}") = "05. HTML", "05. HTML\05. HTML.csproj", "{0FF19EE5-F437-4F3B-93D0-440D3E0EB6DE}"
EndProject
Global
	GlobalSection(SolutionConfigurationPlatforms) = preSolution
		Debug|Any CPU = Debug|Any CPU
		Release|Any CPU = Release|Any CPU
	EndGlobalSection
	GlobalSection(ProjectConfigurationPlatforms) = postSolution
		{A050F830-EEC6-445A-B342-AA1AFCCE7B5C}.Debug|Any CPU.ActiveCfg = Debug|Any CPU
		{A050F830-EEC6-445A-B342-AA1AFCCE7B5C}.Debug|Any CPU.Build.0 = Debug|Any CPU
		{A050F830-EEC6-445A-B342-AA1AFCCE7B5C}.Release|Any CPU.ActiveCfg = Release|Any CPU
		{A050F830-EEC6-445A-B342-AA1AFCCE7B5C}.Release|Any CPU.Build.0 = Release|Any CPU
		{EED27E15-35FE-4485-9399-F570068EAD61}.Debug|Any CPU.ActiveCfg = Debug|Any CPU
		{EED27E15-35FE-4485-9399-F570068EAD61}.Debug|Any CPU.Build.0 = Debug|Any CPU
		{EED27E15-35FE-4485-9399-F570068EAD61}.Release|Any CPU.ActiveCfg = Release|Any CPU
		{EED27E15-35FE-4485-9399-F570068EAD61}.Release|Any CPU.Build.0 = Release|Any CPU
		{88D0B192-240E-4796-9ECA-7913A7DBD45F}.Debug|Any CPU.ActiveCfg = Debug|Any CPU
		{88D0B192-240E-4796-9ECA-7913A7DBD45F}.Debug|Any CPU.Build.0 = Debug|Any CPU
		{88D0B192-240E-4796-9ECA-7913A7DBD45F}.Release|Any CPU.ActiveCfg = Release|Any CPU
		{88D0B192-240E-4796-9ECA-7913A7DBD45F}.Release|Any CPU.Build.0 = Release|Any CPU
		{68982BB2-AA58-49A5-A24D-5E0324A62FBC}.Debug|Any CPU.ActiveCfg = Debug|Any CPU
		{68982BB2-AA58-49A5-A24D-5E0324A62FBC}.Debug|Any CPU.Build.0 = Debug|Any CPU
		{68982BB2-AA58-49A5-A24D-5E0324A62FBC}.Release|Any CPU.ActiveCfg = Release|Any CPU
		{68982BB2-AA58-49A5-A24D-5E0324A62FBC}.Release|Any CPU.Build.0 = Release|Any CPU
		{0FF19EE5-F437-4F3B-93D0-440D3E0EB6DE}.Debug|Any CPU.ActiveCfg = Debug|Any CPU
		{0FF19EE5-F437-4F3B-93D0-440D3E0EB6DE}.Debug|Any CPU.Build.0 = Debug|Any CPU
		{0FF19EE5-F437-4F3B-93D0-440D3E0EB6DE}.Release|Any CPU.ActiveCfg = Release|Any CPU
		{0FF19EE5-F437-4F3B-93D0-440D3E0EB6DE}.Release|Any CPU.Build.0 = Release|Any CPU
	EndGlobalSection
	GlobalSection(SolutionProperties) = preSolution
		HideSolutionNode = FALSE
	EndGlobalSection
	GlobalSection(ExtensibilityGlobals) = postSolution
		SolutionGuid = {9D0C4A08-E849-4356-907F-65EFA6938F2B}
	EndGlobalSection
EndGlobal
