
Microsoft Visual Studio Solution File, Format Version 12.00
# Visual Studio Version 16
VisualStudioVersion = 16.0.29102.190
MinimumVisualStudioVersion = 10.0.40219.1
Project("{FAE04EC0-301F-11D3-BF4B-00C04F79EFBC}") = "01. Messaging", "01. Messaging\01. Messaging.csproj", "{C1778766-24DD-44A1-85FE-D4A3F601EDD1}"
EndProject
Project("{FAE04EC0-301F-11D3-BF4B-00C04F79EFBC}") = "02. Car Race", "02. Car Race\02. Car Race.csproj", "{93BA1AC8-807E-44D2-85E6-5E244BB500FA}"
EndProject
Project("{FAE04EC0-301F-11D3-BF4B-00C04F79EFBC}") = "03. Take Skip Rope", "03. Take Skip Rope\03. Take Skip Rope.csproj", "{B3FF468A-FBBF-4C26-B83A-C1055C94E814}"
EndProject
Project("{FAE04EC0-301F-11D3-BF4B-00C04F79EFBC}") = "04. Mixed up Lists", "04. Mixed up Lists\04. Mixed up Lists.csproj", "{F3010EDD-6C92-494F-8E23-A5199F11CC2B}"
EndProject
Project("{FAE04EC0-301F-11D3-BF4B-00C04F79EFBC}") = "05. Drum Set", "05. Drum Set\05. Drum Set.csproj", "{0B3F40CB-F25E-4E93-BF1D-BE9936CB4C69}"
EndProject
Global
	GlobalSection(SolutionConfigurationPlatforms) = preSolution
		Debug|Any CPU = Debug|Any CPU
		Release|Any CPU = Release|Any CPU
	EndGlobalSection
	GlobalSection(ProjectConfigurationPlatforms) = postSolution
		{C1778766-24DD-44A1-85FE-D4A3F601EDD1}.Debug|Any CPU.ActiveCfg = Debug|Any CPU
		{C1778766-24DD-44A1-85FE-D4A3F601EDD1}.Debug|Any CPU.Build.0 = Debug|Any CPU
		{C1778766-24DD-44A1-85FE-D4A3F601EDD1}.Release|Any CPU.ActiveCfg = Release|Any CPU
		{C1778766-24DD-44A1-85FE-D4A3F601EDD1}.Release|Any CPU.Build.0 = Release|Any CPU
		{93BA1AC8-807E-44D2-85E6-5E244BB500FA}.Debug|Any CPU.ActiveCfg = Debug|Any CPU
		{93BA1AC8-807E-44D2-85E6-5E244BB500FA}.Debug|Any CPU.Build.0 = Debug|Any CPU
		{93BA1AC8-807E-44D2-85E6-5E244BB500FA}.Release|Any CPU.ActiveCfg = Release|Any CPU
		{93BA1AC8-807E-44D2-85E6-5E244BB500FA}.Release|Any CPU.Build.0 = Release|Any CPU
		{B3FF468A-FBBF-4C26-B83A-C1055C94E814}.Debug|Any CPU.ActiveCfg = Debug|Any CPU
		{B3FF468A-FBBF-4C26-B83A-C1055C94E814}.Debug|Any CPU.Build.0 = Debug|Any CPU
		{B3FF468A-FBBF-4C26-B83A-C1055C94E814}.Release|Any CPU.ActiveCfg = Release|Any CPU
		{B3FF468A-FBBF-4C26-B83A-C1055C94E814}.Release|Any CPU.Build.0 = Release|Any CPU
		{F3010EDD-6C92-494F-8E23-A5199F11CC2B}.Debug|Any CPU.ActiveCfg = Debug|Any CPU
		{F3010EDD-6C92-494F-8E23-A5199F11CC2B}.Debug|Any CPU.Build.0 = Debug|Any CPU
		{F3010EDD-6C92-494F-8E23-A5199F11CC2B}.Release|Any CPU.ActiveCfg = Release|Any CPU
		{F3010EDD-6C92-494F-8E23-A5199F11CC2B}.Release|Any CPU.Build.0 = Release|Any CPU
		{0B3F40CB-F25E-4E93-BF1D-BE9936CB4C69}.Debug|Any CPU.ActiveCfg = Debug|Any CPU
		{0B3F40CB-F25E-4E93-BF1D-BE9936CB4C69}.Debug|Any CPU.Build.0 = Debug|Any CPU
		{0B3F40CB-F25E-4E93-BF1D-BE9936CB4C69}.Release|Any CPU.ActiveCfg = Release|Any CPU
		{0B3F40CB-F25E-4E93-BF1D-BE9936CB4C69}.Release|Any CPU.Build.0 = Release|Any CPU
	EndGlobalSection
	GlobalSection(SolutionProperties) = preSolution
		HideSolutionNode = FALSE
	EndGlobalSection
	GlobalSection(ExtensibilityGlobals) = postSolution
		SolutionGuid = {C917048D-C56F-4D79-A2EC-84DCC4AC7455}
	EndGlobalSection
EndGlobal
