
Microsoft Visual Studio Solution File, Format Version 12.00
# Visual Studio Version 16
VisualStudioVersion = 16.0.29424.173
MinimumVisualStudioVersion = 10.0.40219.1
Project("{FAE04EC0-301F-11D3-BF4B-00C04F79EFBC}") = "01. Reverse Strings", "01. Reverse Strings\01. Reverse Strings.csproj", "{DD66EEB7-4EA6-45C4-9541-120C6A7955CF}"
EndProject
Project("{FAE04EC0-301F-11D3-BF4B-00C04F79EFBC}") = "02. Repeat Strings", "02. Repeat Strings\02. Repeat Strings.csproj", "{8EA806B9-776C-45B2-B8A0-C12A6A157C91}"
EndProject
Project("{FAE04EC0-301F-11D3-BF4B-00C04F79EFBC}") = "03. Substring", "03. Substring\03. Substring.csproj", "{33449D44-0CBD-46D1-A73A-B4BC185177D6}"
EndProject
Project("{FAE04EC0-301F-11D3-BF4B-00C04F79EFBC}") = "04. Text Filter", "04. Text Filter\04. Text Filter.csproj", "{957680C4-0865-44B6-B079-8BC6615302BD}"
EndProject
Project("{FAE04EC0-301F-11D3-BF4B-00C04F79EFBC}") = "05. Digits, Letters and Other", "05. Digits, Letters and Other\05. Digits, Letters and Other.csproj", "{C108408D-6DD5-4D9C-A487-9B2C97AE294E}"
EndProject
Global
	GlobalSection(SolutionConfigurationPlatforms) = preSolution
		Debug|Any CPU = Debug|Any CPU
		Release|Any CPU = Release|Any CPU
	EndGlobalSection
	GlobalSection(ProjectConfigurationPlatforms) = postSolution
		{DD66EEB7-4EA6-45C4-9541-120C6A7955CF}.Debug|Any CPU.ActiveCfg = Debug|Any CPU
		{DD66EEB7-4EA6-45C4-9541-120C6A7955CF}.Debug|Any CPU.Build.0 = Debug|Any CPU
		{DD66EEB7-4EA6-45C4-9541-120C6A7955CF}.Release|Any CPU.ActiveCfg = Release|Any CPU
		{DD66EEB7-4EA6-45C4-9541-120C6A7955CF}.Release|Any CPU.Build.0 = Release|Any CPU
		{8EA806B9-776C-45B2-B8A0-C12A6A157C91}.Debug|Any CPU.ActiveCfg = Debug|Any CPU
		{8EA806B9-776C-45B2-B8A0-C12A6A157C91}.Debug|Any CPU.Build.0 = Debug|Any CPU
		{8EA806B9-776C-45B2-B8A0-C12A6A157C91}.Release|Any CPU.ActiveCfg = Release|Any CPU
		{8EA806B9-776C-45B2-B8A0-C12A6A157C91}.Release|Any CPU.Build.0 = Release|Any CPU
		{33449D44-0CBD-46D1-A73A-B4BC185177D6}.Debug|Any CPU.ActiveCfg = Debug|Any CPU
		{33449D44-0CBD-46D1-A73A-B4BC185177D6}.Debug|Any CPU.Build.0 = Debug|Any CPU
		{33449D44-0CBD-46D1-A73A-B4BC185177D6}.Release|Any CPU.ActiveCfg = Release|Any CPU
		{33449D44-0CBD-46D1-A73A-B4BC185177D6}.Release|Any CPU.Build.0 = Release|Any CPU
		{957680C4-0865-44B6-B079-8BC6615302BD}.Debug|Any CPU.ActiveCfg = Debug|Any CPU
		{957680C4-0865-44B6-B079-8BC6615302BD}.Debug|Any CPU.Build.0 = Debug|Any CPU
		{957680C4-0865-44B6-B079-8BC6615302BD}.Release|Any CPU.ActiveCfg = Release|Any CPU
		{957680C4-0865-44B6-B079-8BC6615302BD}.Release|Any CPU.Build.0 = Release|Any CPU
		{C108408D-6DD5-4D9C-A487-9B2C97AE294E}.Debug|Any CPU.ActiveCfg = Debug|Any CPU
		{C108408D-6DD5-4D9C-A487-9B2C97AE294E}.Debug|Any CPU.Build.0 = Debug|Any CPU
		{C108408D-6DD5-4D9C-A487-9B2C97AE294E}.Release|Any CPU.ActiveCfg = Release|Any CPU
		{C108408D-6DD5-4D9C-A487-9B2C97AE294E}.Release|Any CPU.Build.0 = Release|Any CPU
	EndGlobalSection
	GlobalSection(SolutionProperties) = preSolution
		HideSolutionNode = FALSE
	EndGlobalSection
	GlobalSection(ExtensibilityGlobals) = postSolution
		SolutionGuid = {841DEFE0-D814-45B9-AE14-62F8A6B7EFE3}
	EndGlobalSection
EndGlobal
