
Microsoft Visual Studio Solution File, Format Version 12.00
# Visual Studio Version 16
VisualStudioVersion = 16.0.29418.71
MinimumVisualStudioVersion = 10.0.40219.1
Project("{FAE04EC0-301F-11D3-BF4B-00C04F79EFBC}") = "01. Sort Numbers", "01. Sort Numbers\01. Sort Numbers.csproj", "{4DC32E5D-CA73-4BF7-820D-499006E0B40D}"
EndProject
Project("{FAE04EC0-301F-11D3-BF4B-00C04F79EFBC}") = "02. English Name of the Last Digit", "02. English Name of the Last Digit\02. English Name of the Last Digit.csproj", "{625A4D3D-3820-4A24-B87E-D10D4A366FED}"
EndProject
Project("{FAE04EC0-301F-11D3-BF4B-00C04F79EFBC}") = "03. Gaming Store", "03. Gaming Store\03. Gaming Store.csproj", "{E1C709C8-63EA-450E-ABCC-9B5A4749C028}"
EndProject
Project("{FAE04EC0-301F-11D3-BF4B-00C04F79EFBC}") = "04. Reverse String", "04. Reverse String\04. Reverse String.csproj", "{124BE76E-D06A-48C2-AD88-92659A2338AC}"
EndProject
Project("{FAE04EC0-301F-11D3-BF4B-00C04F79EFBC}") = "05. Messages", "05. Messages\05. Messages.csproj", "{4986AA25-F2EB-47E7-AC37-C1EEAA02032F}"
EndProject
Global
	GlobalSection(SolutionConfigurationPlatforms) = preSolution
		Debug|Any CPU = Debug|Any CPU
		Release|Any CPU = Release|Any CPU
	EndGlobalSection
	GlobalSection(ProjectConfigurationPlatforms) = postSolution
		{4DC32E5D-CA73-4BF7-820D-499006E0B40D}.Debug|Any CPU.ActiveCfg = Debug|Any CPU
		{4DC32E5D-CA73-4BF7-820D-499006E0B40D}.Debug|Any CPU.Build.0 = Debug|Any CPU
		{4DC32E5D-CA73-4BF7-820D-499006E0B40D}.Release|Any CPU.ActiveCfg = Release|Any CPU
		{4DC32E5D-CA73-4BF7-820D-499006E0B40D}.Release|Any CPU.Build.0 = Release|Any CPU
		{625A4D3D-3820-4A24-B87E-D10D4A366FED}.Debug|Any CPU.ActiveCfg = Debug|Any CPU
		{625A4D3D-3820-4A24-B87E-D10D4A366FED}.Debug|Any CPU.Build.0 = Debug|Any CPU
		{625A4D3D-3820-4A24-B87E-D10D4A366FED}.Release|Any CPU.ActiveCfg = Release|Any CPU
		{625A4D3D-3820-4A24-B87E-D10D4A366FED}.Release|Any CPU.Build.0 = Release|Any CPU
		{E1C709C8-63EA-450E-ABCC-9B5A4749C028}.Debug|Any CPU.ActiveCfg = Debug|Any CPU
		{E1C709C8-63EA-450E-ABCC-9B5A4749C028}.Debug|Any CPU.Build.0 = Debug|Any CPU
		{E1C709C8-63EA-450E-ABCC-9B5A4749C028}.Release|Any CPU.ActiveCfg = Release|Any CPU
		{E1C709C8-63EA-450E-ABCC-9B5A4749C028}.Release|Any CPU.Build.0 = Release|Any CPU
		{124BE76E-D06A-48C2-AD88-92659A2338AC}.Debug|Any CPU.ActiveCfg = Debug|Any CPU
		{124BE76E-D06A-48C2-AD88-92659A2338AC}.Debug|Any CPU.Build.0 = Debug|Any CPU
		{124BE76E-D06A-48C2-AD88-92659A2338AC}.Release|Any CPU.ActiveCfg = Release|Any CPU
		{124BE76E-D06A-48C2-AD88-92659A2338AC}.Release|Any CPU.Build.0 = Release|Any CPU
		{4986AA25-F2EB-47E7-AC37-C1EEAA02032F}.Debug|Any CPU.ActiveCfg = Debug|Any CPU
		{4986AA25-F2EB-47E7-AC37-C1EEAA02032F}.Debug|Any CPU.Build.0 = Debug|Any CPU
		{4986AA25-F2EB-47E7-AC37-C1EEAA02032F}.Release|Any CPU.ActiveCfg = Release|Any CPU
		{4986AA25-F2EB-47E7-AC37-C1EEAA02032F}.Release|Any CPU.Build.0 = Release|Any CPU
	EndGlobalSection
	GlobalSection(SolutionProperties) = preSolution
		HideSolutionNode = FALSE
	EndGlobalSection
	GlobalSection(ExtensibilityGlobals) = postSolution
		SolutionGuid = {14EC09D0-AEA3-4A58-9D0F-AA0A47786A22}
	EndGlobalSection
EndGlobal
