
Microsoft Visual Studio Solution File, Format Version 12.00
# Visual Studio Version 16
VisualStudioVersion = 16.0.29418.71
MinimumVisualStudioVersion = 10.0.40219.1
Project("{FAE04EC0-301F-11D3-BF4B-00C04F79EFBC}") = "01. Convert Meters to Kilometers", "01. Convert Meters to Kilometers\01. Convert Meters to Kilometers.csproj", "{FD5B2B4C-94FE-4A24-8DE6-6F18B96B7B40}"
EndProject
Project("{FAE04EC0-301F-11D3-BF4B-00C04F79EFBC}") = "02. Pounds to Dollars", "02. Pounds to Dollars\02. Pounds to Dollars.csproj", "{2D1D60B0-485B-43C1-9562-347578DD5BD2}"
EndProject
Project("{FAE04EC0-301F-11D3-BF4B-00C04F79EFBC}") = "03. Exact Sum of Real Numbers", "03. Exact Sum of Real Numbers\03. Exact Sum of Real Numbers.csproj", "{7FC7CDFB-9916-4B12-BE54-EE549549DD96}"
EndProject
Project("{FAE04EC0-301F-11D3-BF4B-00C04F79EFBC}") = "04. Centuries to Minutes", "04. Centuries to Minutes\04. Centuries to Minutes.csproj", "{F20E710B-25AA-47AE-B74E-581D7A40E2DA}"
EndProject
Project("{FAE04EC0-301F-11D3-BF4B-00C04F79EFBC}") = "05. Special Numbers", "05. Special Numbers\05. Special Numbers.csproj", "{F2BDC2FE-74CC-4A2F-B566-AEBCE23838B1}"
EndProject
Project("{FAE04EC0-301F-11D3-BF4B-00C04F79EFBC}") = "06. Reversed Chars", "06. Reversed Chars\06. Reversed Chars.csproj", "{EB2B90DB-207A-4DB2-8D90-DF5F63A7984F}"
EndProject
Project("{FAE04EC0-301F-11D3-BF4B-00C04F79EFBC}") = "07. Concat Names", "07. Concat Names\07. Concat Names.csproj", "{868C53DC-92BD-47EF-85D4-755A880F9139}"
EndProject
Project("{FAE04EC0-301F-11D3-BF4B-00C04F79EFBC}") = "08. Town Info", "08. Town Info\08. Town Info.csproj", "{FBAB1FBF-8A3A-464B-9AB7-0E3554A4774A}"
EndProject
Project("{FAE04EC0-301F-11D3-BF4B-00C04F79EFBC}") = "09. Chars to String", "09. Chars to String\09. Chars to String.csproj", "{A29F5591-7586-4576-B24C-0F86562D3A6E}"
EndProject
Project("{FAE04EC0-301F-11D3-BF4B-00C04F79EFBC}") = "10. Lower or Upper", "10. Lower or Upper\10. Lower or Upper.csproj", "{AF1346AD-5F15-4F4F-ABB3-0DFDEC6351AD}"
EndProject
Project("{FAE04EC0-301F-11D3-BF4B-00C04F79EFBC}") = "11. Refactor Volume of Pyramid", "11. Refactor Volume of Pyramid\11. Refactor Volume of Pyramid.csproj", "{DC55BAFE-8B84-406A-81AF-A14E9078EFF8}"
EndProject
Project("{FAE04EC0-301F-11D3-BF4B-00C04F79EFBC}") = "12. Refactor Special Numbers", "12. Refactor Special Numbers\12. Refactor Special Numbers.csproj", "{BA0B489A-52A4-43AA-AF98-3A008A38052C}"
EndProject
Global
	GlobalSection(SolutionConfigurationPlatforms) = preSolution
		Debug|Any CPU = Debug|Any CPU
		Release|Any CPU = Release|Any CPU
	EndGlobalSection
	GlobalSection(ProjectConfigurationPlatforms) = postSolution
		{FD5B2B4C-94FE-4A24-8DE6-6F18B96B7B40}.Debug|Any CPU.ActiveCfg = Debug|Any CPU
		{FD5B2B4C-94FE-4A24-8DE6-6F18B96B7B40}.Debug|Any CPU.Build.0 = Debug|Any CPU
		{FD5B2B4C-94FE-4A24-8DE6-6F18B96B7B40}.Release|Any CPU.ActiveCfg = Release|Any CPU
		{FD5B2B4C-94FE-4A24-8DE6-6F18B96B7B40}.Release|Any CPU.Build.0 = Release|Any CPU
		{2D1D60B0-485B-43C1-9562-347578DD5BD2}.Debug|Any CPU.ActiveCfg = Debug|Any CPU
		{2D1D60B0-485B-43C1-9562-347578DD5BD2}.Debug|Any CPU.Build.0 = Debug|Any CPU
		{2D1D60B0-485B-43C1-9562-347578DD5BD2}.Release|Any CPU.ActiveCfg = Release|Any CPU
		{2D1D60B0-485B-43C1-9562-347578DD5BD2}.Release|Any CPU.Build.0 = Release|Any CPU
		{7FC7CDFB-9916-4B12-BE54-EE549549DD96}.Debug|Any CPU.ActiveCfg = Debug|Any CPU
		{7FC7CDFB-9916-4B12-BE54-EE549549DD96}.Debug|Any CPU.Build.0 = Debug|Any CPU
		{7FC7CDFB-9916-4B12-BE54-EE549549DD96}.Release|Any CPU.ActiveCfg = Release|Any CPU
		{7FC7CDFB-9916-4B12-BE54-EE549549DD96}.Release|Any CPU.Build.0 = Release|Any CPU
		{F20E710B-25AA-47AE-B74E-581D7A40E2DA}.Debug|Any CPU.ActiveCfg = Debug|Any CPU
		{F20E710B-25AA-47AE-B74E-581D7A40E2DA}.Debug|Any CPU.Build.0 = Debug|Any CPU
		{F20E710B-25AA-47AE-B74E-581D7A40E2DA}.Release|Any CPU.ActiveCfg = Release|Any CPU
		{F20E710B-25AA-47AE-B74E-581D7A40E2DA}.Release|Any CPU.Build.0 = Release|Any CPU
		{F2BDC2FE-74CC-4A2F-B566-AEBCE23838B1}.Debug|Any CPU.ActiveCfg = Debug|Any CPU
		{F2BDC2FE-74CC-4A2F-B566-AEBCE23838B1}.Debug|Any CPU.Build.0 = Debug|Any CPU
		{F2BDC2FE-74CC-4A2F-B566-AEBCE23838B1}.Release|Any CPU.ActiveCfg = Release|Any CPU
		{F2BDC2FE-74CC-4A2F-B566-AEBCE23838B1}.Release|Any CPU.Build.0 = Release|Any CPU
		{EB2B90DB-207A-4DB2-8D90-DF5F63A7984F}.Debug|Any CPU.ActiveCfg = Debug|Any CPU
		{EB2B90DB-207A-4DB2-8D90-DF5F63A7984F}.Debug|Any CPU.Build.0 = Debug|Any CPU
		{EB2B90DB-207A-4DB2-8D90-DF5F63A7984F}.Release|Any CPU.ActiveCfg = Release|Any CPU
		{EB2B90DB-207A-4DB2-8D90-DF5F63A7984F}.Release|Any CPU.Build.0 = Release|Any CPU
		{868C53DC-92BD-47EF-85D4-755A880F9139}.Debug|Any CPU.ActiveCfg = Debug|Any CPU
		{868C53DC-92BD-47EF-85D4-755A880F9139}.Debug|Any CPU.Build.0 = Debug|Any CPU
		{868C53DC-92BD-47EF-85D4-755A880F9139}.Release|Any CPU.ActiveCfg = Release|Any CPU
		{868C53DC-92BD-47EF-85D4-755A880F9139}.Release|Any CPU.Build.0 = Release|Any CPU
		{FBAB1FBF-8A3A-464B-9AB7-0E3554A4774A}.Debug|Any CPU.ActiveCfg = Debug|Any CPU
		{FBAB1FBF-8A3A-464B-9AB7-0E3554A4774A}.Debug|Any CPU.Build.0 = Debug|Any CPU
		{FBAB1FBF-8A3A-464B-9AB7-0E3554A4774A}.Release|Any CPU.ActiveCfg = Release|Any CPU
		{FBAB1FBF-8A3A-464B-9AB7-0E3554A4774A}.Release|Any CPU.Build.0 = Release|Any CPU
		{A29F5591-7586-4576-B24C-0F86562D3A6E}.Debug|Any CPU.ActiveCfg = Debug|Any CPU
		{A29F5591-7586-4576-B24C-0F86562D3A6E}.Debug|Any CPU.Build.0 = Debug|Any CPU
		{A29F5591-7586-4576-B24C-0F86562D3A6E}.Release|Any CPU.ActiveCfg = Release|Any CPU
		{A29F5591-7586-4576-B24C-0F86562D3A6E}.Release|Any CPU.Build.0 = Release|Any CPU
		{AF1346AD-5F15-4F4F-ABB3-0DFDEC6351AD}.Debug|Any CPU.ActiveCfg = Debug|Any CPU
		{AF1346AD-5F15-4F4F-ABB3-0DFDEC6351AD}.Debug|Any CPU.Build.0 = Debug|Any CPU
		{AF1346AD-5F15-4F4F-ABB3-0DFDEC6351AD}.Release|Any CPU.ActiveCfg = Release|Any CPU
		{AF1346AD-5F15-4F4F-ABB3-0DFDEC6351AD}.Release|Any CPU.Build.0 = Release|Any CPU
		{DC55BAFE-8B84-406A-81AF-A14E9078EFF8}.Debug|Any CPU.ActiveCfg = Debug|Any CPU
		{DC55BAFE-8B84-406A-81AF-A14E9078EFF8}.Debug|Any CPU.Build.0 = Debug|Any CPU
		{DC55BAFE-8B84-406A-81AF-A14E9078EFF8}.Release|Any CPU.ActiveCfg = Release|Any CPU
		{DC55BAFE-8B84-406A-81AF-A14E9078EFF8}.Release|Any CPU.Build.0 = Release|Any CPU
		{BA0B489A-52A4-43AA-AF98-3A008A38052C}.Debug|Any CPU.ActiveCfg = Debug|Any CPU
		{BA0B489A-52A4-43AA-AF98-3A008A38052C}.Debug|Any CPU.Build.0 = Debug|Any CPU
		{BA0B489A-52A4-43AA-AF98-3A008A38052C}.Release|Any CPU.ActiveCfg = Release|Any CPU
		{BA0B489A-52A4-43AA-AF98-3A008A38052C}.Release|Any CPU.Build.0 = Release|Any CPU
	EndGlobalSection
	GlobalSection(SolutionProperties) = preSolution
		HideSolutionNode = FALSE
	EndGlobalSection
	GlobalSection(ExtensibilityGlobals) = postSolution
		SolutionGuid = {B56C3DAC-1EB4-4175-AED0-28C1ECAD1B80}
	EndGlobalSection
EndGlobal
